<?xml version="1.0" encoding="utf-8"?>
<Project ToolsVersion="4.0" xmlns="http://schemas.microsoft.com/developer/msbuild/2003">
  <ItemGroup>
    <Natvis Include="$(SolutionDir)tools\ConsoleTypes.natvis" />
  </ItemGroup>
  <ItemGroup>
    <ClCompile Include="..\precomp.cpp" />
    <ClCompile Include="BaseTests.cpp" />
    <ClCompile Include="BitmapTests.cpp" />
    <ClCompile Include="CoalesceTests.cpp" />
    <ClCompile Include="ColorTests.cpp" />
    <ClCompile Include="EnumSetTests.cpp" />
    <ClCompile Include="MathTests.cpp" />
    <ClCompile Include="mutex.cpp" />
    <ClCompile Include="OperatorTests.cpp" />
    <ClCompile Include="PointTests.cpp" />
    <ClCompile Include="RectangleTests.cpp" />
    <ClCompile Include="ReplaceTests.cpp" />
    <ClCompile Include="RunLengthEncodingTests.cpp" />
    <ClCompile Include="SizeTests.cpp" />
    <ClCompile Include="SomeTests.cpp" />
    <ClCompile Include="SPSCTests.cpp" />
    <ClCompile Include="StaticMapTests.cpp" />
    <ClCompile Include="string.cpp" />
    <ClCompile Include="throttled_func.cpp" />
    <ClCompile Include="u8u16convertTests.cpp" />
    <ClCompile Include="SmallVectorTests.cpp" />
  </ItemGroup>
  <ItemGroup>
    <ClInclude Include="..\precomp.h" />
    <ClInclude Include="..\..\inc\til\at.h">
      <Filter>Header Files</Filter>
    </ClInclude>
    <ClInclude Include="..\..\inc\til\atomic.h">
      <Filter>Header Files</Filter>
    </ClInclude>
    <ClInclude Include="..\..\inc\til\bit.h">
      <Filter>Header Files</Filter>
    </ClInclude>
    <ClInclude Include="..\..\inc\til\bitmap.h">
      <Filter>Header Files</Filter>
    </ClInclude>
    <ClInclude Include="..\..\inc\til\coalesce.h">
      <Filter>Header Files</Filter>
    </ClInclude>
    <ClInclude Include="..\..\inc\til\color.h">
      <Filter>Header Files</Filter>
    </ClInclude>
    <ClInclude Include="..\..\inc\til\enumset.h">
      <Filter>Header Files</Filter>
    </ClInclude>
    <ClInclude Include="..\..\inc\til\hash.h">
      <Filter>Header Files</Filter>
    </ClInclude>
    <ClInclude Include="..\..\inc\til\latch.h">
      <Filter>Header Files</Filter>
    </ClInclude>
    <ClInclude Include="..\..\inc\til\math.h">
      <Filter>Header Files</Filter>
    </ClInclude>
    <ClInclude Include="..\..\inc\til\mutex.h">
      <Filter>Header Files</Filter>
    </ClInclude>
    <ClInclude Include="..\..\inc\til\operators.h">
      <Filter>Header Files</Filter>
    </ClInclude>
    <ClInclude Include="..\..\inc\til\pmr.h">
      <Filter>Header Files</Filter>
    </ClInclude>
    <ClInclude Include="..\..\inc\til\point.h">
      <Filter>Header Files</Filter>
    </ClInclude>
    <ClInclude Include="..\..\inc\til\rand.h">
      <Filter>Header Files</Filter>
    </ClInclude>
    <ClInclude Include="..\..\inc\til\rect.h">
      <Filter>Header Files</Filter>
    </ClInclude>
    <ClInclude Include="..\..\inc\til\replace.h">
      <Filter>Header Files</Filter>
    </ClInclude>
    <ClInclude Include="..\..\inc\til\rle.h">
      <Filter>Header Files</Filter>
    </ClInclude>
    <ClInclude Include="..\..\inc\til\size.h">
      <Filter>Header Files</Filter>
    </ClInclude>
    <ClInclude Include="..\..\inc\til\small_vector.h">
      <Filter>Header Files</Filter>
    </ClInclude>
    <ClInclude Include="..\..\inc\til\some.h">
      <Filter>Header Files</Filter>
    </ClInclude>
    <ClInclude Include="..\..\inc\til\spsc.h">
      <Filter>Header Files</Filter>
    </ClInclude>
    <ClInclude Include="..\..\inc\til\static_map.h">
      <Filter>Header Files</Filter>
    </ClInclude>
    <ClInclude Include="..\..\inc\til\string.h">
      <Filter>Header Files</Filter>
    </ClInclude>
    <ClInclude Include="..\..\inc\til\throttled_func.h">
      <Filter>Header Files</Filter>
    </ClInclude>
    <ClInclude Include="..\..\inc\til\ticket_lock.h">
      <Filter>Header Files</Filter>
    </ClInclude>
    <ClInclude Include="..\..\inc\til\u8u16convert.h">
      <Filter>Header Files</Filter>
    </ClInclude>
  </ItemGroup>
  <ItemGroup>
    <Filter Include="Header Files">
      <UniqueIdentifier>{20c7c3bf-b8ba-4c90-a32d-0b771e38bf83}</UniqueIdentifier>
    </Filter>
  </ItemGroup>
</Project>